
Microsoft Visual Studio Solution File, Format Version 12.00
# Visual Studio Version 17
VisualStudioVersion = 17.13.35828.75
MinimumVisualStudioVersion = 10.0.40219.1
Project("{2150E333-8FDC-42A3-9474-1A3956D46DE8}") = "APIGateWay", "APIGateWay", "{1CF41E79-D643-464E-BA43-B008ECA17DE2}"
EndProject
Project("{FAE04EC0-301F-11D3-BF4B-00C04F79EFBC}") = "APIGateWay", "APIGateWay\APIGateWay\APIGateWay.csproj", "{51D03A3C-965C-4218-AC8A-4FA37894DE6F}"
EndProject
Project("{2150E333-8FDC-42A3-9474-1A3956D46DE8}") = "UserService", "UserService", "{02EA681E-C7D8-13C7-8484-4AC65E1B71E8}"
EndProject
Project("{FAE04EC0-301F-11D3-BF4B-00C04F79EFBC}") = "FPMG.UserService.WebAPIs", "UserService\FPMG.UserService.WebAPIs\FPMG.UserService.WebAPIs.csproj", "{37E042B9-049E-4DA6-AB37-8B4D1167CBDB}"
EndProject
Project("{FAE04EC0-301F-11D3-BF4B-00C04F79EFBC}") = "FPMG.UserService.BussinessObjects", "UserService\FPMG.UserService.BussinessObjects\FPMG.UserService.BussinessObjects.csproj", "{35C44A89-DDBB-4B5E-907D-ABD6DFB79526}"
EndProject
Project("{FAE04EC0-301F-11D3-BF4B-00C04F79EFBC}") = "FPMG.UserService.DataAccessLayers", "UserService\FPMG.UserService.DataAccessLayers\FPMG.UserService.DataAccessLayers.csproj", "{7ADC6D98-A74B-4C12-8E23-9534B577C4E5}"
EndProject
Project("{FAE04EC0-301F-11D3-BF4B-00C04F79EFBC}") = "FPMG.UserService.Repositories", "UserService\FPMG.UserService.Repositories\FPMG.UserService.Repositories.csproj", "{6CE7AE21-58B8-4E2F-BA58-6535BA79FE52}"
EndProject
Project("{2150E333-8FDC-42A3-9474-1A3956D46DE8}") = "ExamService", "ExamService", "{4985D504-41BF-4E79-B7FB-7B282BDED824}"
EndProject
Project("{FAE04EC0-301F-11D3-BF4B-00C04F79EFBC}") = "FPMG.UserService.Services", "UserService\FPMG.UserService.Services\FPMG.UserService.Services.csproj", "{2F7A5CC9-3628-475B-831A-F2D03AC31726}"
EndProject
Project("{FAE04EC0-301F-11D3-BF4B-00C04F79EFBC}") = "FPMG.ExamService.BussinessObjects", "ExamService\FPMG.ExamService.BussinessObjects\FPMG.ExamService.BussinessObjects.csproj", "{D85B52C2-60D1-4DCC-8D30-B146F54C4773}"
EndProject
Project("{FAE04EC0-301F-11D3-BF4B-00C04F79EFBC}") = "FPMG.ExamService.DataAccessLayers", "ExamService\FPMG.ExamService.DataAccessLayers\FPMG.ExamService.DataAccessLayers.csproj", "{1A619607-C288-41BB-BBD2-7B89D80CA303}"
EndProject
Project("{FAE04EC0-301F-11D3-BF4B-00C04F79EFBC}") = "FPMG.ExamService.Repositories", "ExamService\FPMG.ExamService.Repositories\FPMG.ExamService.Repositories.csproj", "{AF3C6D21-D7E6-41F5-9D3B-D044D1DCC2D1}"
EndProject
Project("{FAE04EC0-301F-11D3-BF4B-00C04F79EFBC}") = "FPMG.ExamService.Services", "ExamService\FPMG.ExamService.Services\FPMG.ExamService.Services.csproj", "{846F5183-1182-452B-8B0E-DBB308A39F56}"
EndProject
Project("{FAE04EC0-301F-11D3-BF4B-00C04F79EFBC}") = "FPMG.ExamService.WebAPIs", "ExamService\FPMG.UserService.WebAPIs\FPMG.ExamService.WebAPIs.csproj", "{D1F69027-5ECB-4958-9870-1B46BA18F198}"
EndProject
Project("{2150E333-8FDC-42A3-9474-1A3956D46DE8}") = "GradingService", "GradingService", "{5F194621-5450-49A7-89FD-2F7BC475F434}"
EndProject
Project("{FAE04EC0-301F-11D3-BF4B-00C04F79EFBC}") = "FPMG.GradingService.BussinessObjects", "GradingService\FPMG.GradingService.BussinessObjects\FPMG.GradingService.BussinessObjects.csproj", "{287A7FF5-2A35-4A57-9ACC-9B8740FC1AE8}"
EndProject
Project("{FAE04EC0-301F-11D3-BF4B-00C04F79EFBC}") = "FPMG.GradingService.DataAccessLayers", "GradingService\FPMG.GradingService.DataAccessLayers\FPMG.GradingService.DataAccessLayers.csproj", "{589D0A9A-43E8-4B52-937B-E57FFD554D28}"
EndProject
Project("{FAE04EC0-301F-11D3-BF4B-00C04F79EFBC}") = "FPMG.GradingService.Services", "GradingService\FPMG.GradingService.Services\FPMG.GradingService.Services.csproj", "{9C9FED95-C974-4714-BEE3-CB57BF8A613B}"
EndProject
Project("{FAE04EC0-301F-11D3-BF4B-00C04F79EFBC}") = "FPMG.GradingService.Repositories", "GradingService\FPMG.GradingService.Repositories\FPMG.GradingService.Repositories.csproj", "{23621B3B-A3CE-4791-8F9D-3517817249DB}"
EndProject
Project("{FAE04EC0-301F-11D3-BF4B-00C04F79EFBC}") = "FPMG.GradingService.WebAPIs", "GradingService\FPMG.GradingService.WebAPIs\FPMG.GradingService.WebAPIs.csproj", "{221C6ECC-49C1-41F2-AF51-37FED3AFE40B}"
EndProject
Global
	GlobalSection(SolutionConfigurationPlatforms) = preSolution
		Debug|Any CPU = Debug|Any CPU
		Release|Any CPU = Release|Any CPU
	EndGlobalSection
	GlobalSection(ProjectConfigurationPlatforms) = postSolution
		{51D03A3C-965C-4218-AC8A-4FA37894DE6F}.Debug|Any CPU.ActiveCfg = Debug|Any CPU
		{51D03A3C-965C-4218-AC8A-4FA37894DE6F}.Debug|Any CPU.Build.0 = Debug|Any CPU
		{51D03A3C-965C-4218-AC8A-4FA37894DE6F}.Release|Any CPU.ActiveCfg = Release|Any CPU
		{51D03A3C-965C-4218-AC8A-4FA37894DE6F}.Release|Any CPU.Build.0 = Release|Any CPU
		{37E042B9-049E-4DA6-AB37-8B4D1167CBDB}.Debug|Any CPU.ActiveCfg = Debug|Any CPU
		{37E042B9-049E-4DA6-AB37-8B4D1167CBDB}.Debug|Any CPU.Build.0 = Debug|Any CPU
		{37E042B9-049E-4DA6-AB37-8B4D1167CBDB}.Release|Any CPU.ActiveCfg = Release|Any CPU
		{37E042B9-049E-4DA6-AB37-8B4D1167CBDB}.Release|Any CPU.Build.0 = Release|Any CPU
		{35C44A89-DDBB-4B5E-907D-ABD6DFB79526}.Debug|Any CPU.ActiveCfg = Debug|Any CPU
		{35C44A89-DDBB-4B5E-907D-ABD6DFB79526}.Debug|Any CPU.Build.0 = Debug|Any CPU
		{35C44A89-DDBB-4B5E-907D-ABD6DFB79526}.Release|Any CPU.ActiveCfg = Release|Any CPU
		{35C44A89-DDBB-4B5E-907D-ABD6DFB79526}.Release|Any CPU.Build.0 = Release|Any CPU
		{7ADC6D98-A74B-4C12-8E23-9534B577C4E5}.Debug|Any CPU.ActiveCfg = Debug|Any CPU
		{7ADC6D98-A74B-4C12-8E23-9534B577C4E5}.Debug|Any CPU.Build.0 = Debug|Any CPU
		{7ADC6D98-A74B-4C12-8E23-9534B577C4E5}.Release|Any CPU.ActiveCfg = Release|Any CPU
		{7ADC6D98-A74B-4C12-8E23-9534B577C4E5}.Release|Any CPU.Build.0 = Release|Any CPU
		{6CE7AE21-58B8-4E2F-BA58-6535BA79FE52}.Debug|Any CPU.ActiveCfg = Debug|Any CPU
		{6CE7AE21-58B8-4E2F-BA58-6535BA79FE52}.Debug|Any CPU.Build.0 = Debug|Any CPU
		{6CE7AE21-58B8-4E2F-BA58-6535BA79FE52}.Release|Any CPU.ActiveCfg = Release|Any CPU
		{6CE7AE21-58B8-4E2F-BA58-6535BA79FE52}.Release|Any CPU.Build.0 = Release|Any CPU
		{2F7A5CC9-3628-475B-831A-F2D03AC31726}.Debug|Any CPU.ActiveCfg = Debug|Any CPU
		{2F7A5CC9-3628-475B-831A-F2D03AC31726}.Debug|Any CPU.Build.0 = Debug|Any CPU
		{2F7A5CC9-3628-475B-831A-F2D03AC31726}.Release|Any CPU.ActiveCfg = Release|Any CPU
		{2F7A5CC9-3628-475B-831A-F2D03AC31726}.Release|Any CPU.Build.0 = Release|Any CPU
		{D85B52C2-60D1-4DCC-8D30-B146F54C4773}.Debug|Any CPU.ActiveCfg = Debug|Any CPU
		{D85B52C2-60D1-4DCC-8D30-B146F54C4773}.Debug|Any CPU.Build.0 = Debug|Any CPU
		{D85B52C2-60D1-4DCC-8D30-B146F54C4773}.Release|Any CPU.ActiveCfg = Release|Any CPU
		{D85B52C2-60D1-4DCC-8D30-B146F54C4773}.Release|Any CPU.Build.0 = Release|Any CPU
		{1A619607-C288-41BB-BBD2-7B89D80CA303}.Debug|Any CPU.ActiveCfg = Debug|Any CPU
		{1A619607-C288-41BB-BBD2-7B89D80CA303}.Debug|Any CPU.Build.0 = Debug|Any CPU
		{1A619607-C288-41BB-BBD2-7B89D80CA303}.Release|Any CPU.ActiveCfg = Release|Any CPU
		{1A619607-C288-41BB-BBD2-7B89D80CA303}.Release|Any CPU.Build.0 = Release|Any CPU
		{AF3C6D21-D7E6-41F5-9D3B-D044D1DCC2D1}.Debug|Any CPU.ActiveCfg = Debug|Any CPU
		{AF3C6D21-D7E6-41F5-9D3B-D044D1DCC2D1}.Debug|Any CPU.Build.0 = Debug|Any CPU
		{AF3C6D21-D7E6-41F5-9D3B-D044D1DCC2D1}.Release|Any CPU.ActiveCfg = Release|Any CPU
		{AF3C6D21-D7E6-41F5-9D3B-D044D1DCC2D1}.Release|Any CPU.Build.0 = Release|Any CPU
		{846F5183-1182-452B-8B0E-DBB308A39F56}.Debug|Any CPU.ActiveCfg = Debug|Any CPU
		{846F5183-1182-452B-8B0E-DBB308A39F56}.Debug|Any CPU.Build.0 = Debug|Any CPU
		{846F5183-1182-452B-8B0E-DBB308A39F56}.Release|Any CPU.ActiveCfg = Release|Any CPU
		{846F5183-1182-452B-8B0E-DBB308A39F56}.Release|Any CPU.Build.0 = Release|Any CPU
		{D1F69027-5ECB-4958-9870-1B46BA18F198}.Debug|Any CPU.ActiveCfg = Debug|Any CPU
		{D1F69027-5ECB-4958-9870-1B46BA18F198}.Debug|Any CPU.Build.0 = Debug|Any CPU
		{D1F69027-5ECB-4958-9870-1B46BA18F198}.Release|Any CPU.ActiveCfg = Release|Any CPU
		{D1F69027-5ECB-4958-9870-1B46BA18F198}.Release|Any CPU.Build.0 = Release|Any CPU
		{287A7FF5-2A35-4A57-9ACC-9B8740FC1AE8}.Debug|Any CPU.ActiveCfg = Debug|Any CPU
		{287A7FF5-2A35-4A57-9ACC-9B8740FC1AE8}.Debug|Any CPU.Build.0 = Debug|Any CPU
		{287A7FF5-2A35-4A57-9ACC-9B8740FC1AE8}.Release|Any CPU.ActiveCfg = Release|Any CPU
		{287A7FF5-2A35-4A57-9ACC-9B8740FC1AE8}.Release|Any CPU.Build.0 = Release|Any CPU
		{589D0A9A-43E8-4B52-937B-E57FFD554D28}.Debug|Any CPU.ActiveCfg = Debug|Any CPU
		{589D0A9A-43E8-4B52-937B-E57FFD554D28}.Debug|Any CPU.Build.0 = Debug|Any CPU
		{589D0A9A-43E8-4B52-937B-E57FFD554D28}.Release|Any CPU.ActiveCfg = Release|Any CPU
		{589D0A9A-43E8-4B52-937B-E57FFD554D28}.Release|Any CPU.Build.0 = Release|Any CPU
		{9C9FED95-C974-4714-BEE3-CB57BF8A613B}.Debug|Any CPU.ActiveCfg = Debug|Any CPU
		{9C9FED95-C974-4714-BEE3-CB57BF8A613B}.Debug|Any CPU.Build.0 = Debug|Any CPU
		{9C9FED95-C974-4714-BEE3-CB57BF8A613B}.Release|Any CPU.ActiveCfg = Release|Any CPU
		{9C9FED95-C974-4714-BEE3-CB57BF8A613B}.Release|Any CPU.Build.0 = Release|Any CPU
		{23621B3B-A3CE-4791-8F9D-3517817249DB}.Debug|Any CPU.ActiveCfg = Debug|Any CPU
		{23621B3B-A3CE-4791-8F9D-3517817249DB}.Debug|Any CPU.Build.0 = Debug|Any CPU
		{23621B3B-A3CE-4791-8F9D-3517817249DB}.Release|Any CPU.ActiveCfg = Release|Any CPU
		{23621B3B-A3CE-4791-8F9D-3517817249DB}.Release|Any CPU.Build.0 = Release|Any CPU
		{221C6ECC-49C1-41F2-AF51-37FED3AFE40B}.Debug|Any CPU.ActiveCfg = Debug|Any CPU
		{221C6ECC-49C1-41F2-AF51-37FED3AFE40B}.Debug|Any CPU.Build.0 = Debug|Any CPU
		{221C6ECC-49C1-41F2-AF51-37FED3AFE40B}.Release|Any CPU.ActiveCfg = Release|Any CPU
		{221C6ECC-49C1-41F2-AF51-37FED3AFE40B}.Release|Any CPU.Build.0 = Release|Any CPU
	EndGlobalSection
	GlobalSection(SolutionProperties) = preSolution
		HideSolutionNode = FALSE
	EndGlobalSection
	GlobalSection(NestedProjects) = preSolution
		{51D03A3C-965C-4218-AC8A-4FA37894DE6F} = {1CF41E79-D643-464E-BA43-B008ECA17DE2}
		{37E042B9-049E-4DA6-AB37-8B4D1167CBDB} = {02EA681E-C7D8-13C7-8484-4AC65E1B71E8}
		{35C44A89-DDBB-4B5E-907D-ABD6DFB79526} = {02EA681E-C7D8-13C7-8484-4AC65E1B71E8}
		{7ADC6D98-A74B-4C12-8E23-9534B577C4E5} = {02EA681E-C7D8-13C7-8484-4AC65E1B71E8}
		{6CE7AE21-58B8-4E2F-BA58-6535BA79FE52} = {02EA681E-C7D8-13C7-8484-4AC65E1B71E8}
		{2F7A5CC9-3628-475B-831A-F2D03AC31726} = {02EA681E-C7D8-13C7-8484-4AC65E1B71E8}
		{D85B52C2-60D1-4DCC-8D30-B146F54C4773} = {4985D504-41BF-4E79-B7FB-7B282BDED824}
		{1A619607-C288-41BB-BBD2-7B89D80CA303} = {4985D504-41BF-4E79-B7FB-7B282BDED824}
		{AF3C6D21-D7E6-41F5-9D3B-D044D1DCC2D1} = {4985D504-41BF-4E79-B7FB-7B282BDED824}
		{846F5183-1182-452B-8B0E-DBB308A39F56} = {4985D504-41BF-4E79-B7FB-7B282BDED824}
		{D1F69027-5ECB-4958-9870-1B46BA18F198} = {4985D504-41BF-4E79-B7FB-7B282BDED824}
		{287A7FF5-2A35-4A57-9ACC-9B8740FC1AE8} = {5F194621-5450-49A7-89FD-2F7BC475F434}
		{589D0A9A-43E8-4B52-937B-E57FFD554D28} = {5F194621-5450-49A7-89FD-2F7BC475F434}
		{9C9FED95-C974-4714-BEE3-CB57BF8A613B} = {5F194621-5450-49A7-89FD-2F7BC475F434}
		{23621B3B-A3CE-4791-8F9D-3517817249DB} = {5F194621-5450-49A7-89FD-2F7BC475F434}
		{221C6ECC-49C1-41F2-AF51-37FED3AFE40B} = {5F194621-5450-49A7-89FD-2F7BC475F434}
	EndGlobalSection
	GlobalSection(ExtensibilityGlobals) = postSolution
		SolutionGuid = {B46982E0-37C1-4B1D-A44E-28E2D5CDFF9C}
	EndGlobalSection
EndGlobal
